github.com/rickb777/date v1.21.1 h1:tUcQS8riIRoYK5kUAv5aevllFEYUEk2x8OYDyoldOn4=
github.com/rickb777/date v1.21.1/go.mod h1:gnDexsbXViZr2fCKMrY3m6IfAF5U2vSkEaiGJcNFaLQ=
github.com/rickb777/plural v1.4.2 h1:Kl/syFGLFZ5EbuV8c9SVud8s5HI2HpCCtOMw2U1kS+A=
github.com/rickb777/plural v1.4.2/go.mod h1:kdmXUpmKBJTS0FtG/TFumd//VBWsNTD7zOw7x4umxNw=
github.com/shopspring/decimal v1.4.0 h1:bxl37RwXBklmTi0C79JfXCEBD1cqqHt0bbgBAGFp81k=
github.com/shopspring/decimal v1.4.0/go.mod h1:gawqmDU56v4yIKSwfBSFip1HdCCXN8/+DMd9qYNcwME=
